
Microsoft Visual Studio Solution File, Format Version 12.00
# Visual Studio Version 17
VisualStudioVersion = 17.14.36717.8
MinimumVisualStudioVersion = 10.0.40219.1
Project("{8BC9CEB8-8B4A-11D0-8D11-00A0C91BC942}") = "DAY01", "DAY01\DAY01.vcxproj", "{EEE798DE-1E51-4AA4-BF3D-8A38ABBEFAFB}"
EndProject
Project("{8BC9CEB8-8B4A-11D0-8D11-00A0C91BC942}") = "DAY02", "DAY02\DAY02.vcxproj", "{525B264C-9B50-40AB-8517-E8BCB46775DA}"
EndProject
Project("{8BC9CEB8-8B4A-11D0-8D11-00A0C91BC942}") = "WORK", "WORK\WORK.vcxproj", "{6CDBF837-78D1-470D-943D-7788CD8D37F9}"
EndProject
Project("{8BC9CEB8-8B4A-11D0-8D11-00A0C91BC942}") = "DAY03", "DAY03\DAY03.vcxproj", "{46927D9B-E47E-4FD6-930B-48B39762E7A5}"
EndProject
Project("{8BC9CEB8-8B4A-11D0-8D11-00A0C91BC942}") = "DAY04", "DAY04\DAY04.vcxproj", "{07505535-930A-469E-95B7-F2D9A8A25EF6}"
EndProject
Project("{8BC9CEB8-8B4A-11D0-8D11-00A0C91BC942}") = "DAY05", "DAY05\DAY05.vcxproj", "{2E724F61-68B9-42C1-BA68-286E188F3542}"
EndProject
Project("{8BC9CEB8-8B4A-11D0-8D11-00A0C91BC942}") = "TestPr", "TestPr\TestPr.vcxproj", "{9619CA1A-9A53-4EA6-B4E6-0BDD91A6BAC5}"
EndProject
Project("{8BC9CEB8-8B4A-11D0-8D11-00A0C91BC942}") = "DAY06", "DAY06\DAY06.vcxproj", "{6E6C936D-683E-45CB-8102-597107C2469C}"
EndProject
Project("{8BC9CEB8-8B4A-11D0-8D11-00A0C91BC942}") = "Test", "Test\Test.vcxproj", "{29080721-77FC-4618-9112-CF6683A7998F}"
EndProject
Project("{8BC9CEB8-8B4A-11D0-8D11-00A0C91BC942}") = "DAY07", "DAY07\DAY07.vcxproj", "{1B8278D9-2D8E-47D5-A4D1-23B9CBC341EB}"
EndProject
Project("{8BC9CEB8-8B4A-11D0-8D11-00A0C91BC942}") = "DAY08", "DAY08\DAY08.vcxproj", "{B1663694-5700-492D-9A02-08D3AD7B94A2}"
EndProject
Project("{8BC9CEB8-8B4A-11D0-8D11-00A0C91BC942}") = "DAY09", "DAY09\DAY09.vcxproj", "{4F750A7E-8840-4C9A-80FF-8B9572AFAD88}"
EndProject
Project("{8BC9CEB8-8B4A-11D0-8D11-00A0C91BC942}") = "D0110_W", "D0110_W\D0110_W.vcxproj", "{2A713CD2-9392-4C69-B930-1FFEB1AB97BD}"
EndProject
Project("{8BC9CEB8-8B4A-11D0-8D11-00A0C91BC942}") = "DAY10", "DAY10\DAY10.vcxproj", "{7B43A03A-960E-492B-9765-FE663DD5AA25}"
EndProject
Project("{8BC9CEB8-8B4A-11D0-8D11-00A0C91BC942}") = "Project", "Project\Project.vcxproj", "{6A37FAAA-7874-423C-9094-962BD50EA4FD}"
EndProject
Project("{8BC9CEB8-8B4A-11D0-8D11-00A0C91BC942}") = "DAY11", "DAY11\DAY11.vcxproj", "{FD1265F9-ADE9-4D81-A981-0AF490F9F2B9}"
EndProject
Global
	GlobalSection(SolutionConfigurationPlatforms) = preSolution
		Debug|x64 = Debug|x64
		Debug|x86 = Debug|x86
		Release|x64 = Release|x64
		Release|x86 = Release|x86
	EndGlobalSection
	GlobalSection(ProjectConfigurationPlatforms) = postSolution
		{EEE798DE-1E51-4AA4-BF3D-8A38ABBEFAFB}.Debug|x64.ActiveCfg = Debug|x64
		{EEE798DE-1E51-4AA4-BF3D-8A38ABBEFAFB}.Debug|x64.Build.0 = Debug|x64
		{EEE798DE-1E51-4AA4-BF3D-8A38ABBEFAFB}.Debug|x86.ActiveCfg = Debug|Win32
		{EEE798DE-1E51-4AA4-BF3D-8A38ABBEFAFB}.Debug|x86.Build.0 = Debug|Win32
		{EEE798DE-1E51-4AA4-BF3D-8A38ABBEFAFB}.Release|x64.ActiveCfg = Release|x64
		{EEE798DE-1E51-4AA4-BF3D-8A38ABBEFAFB}.Release|x64.Build.0 = Release|x64
		{EEE798DE-1E51-4AA4-BF3D-8A38ABBEFAFB}.Release|x86.ActiveCfg = Release|Win32
		{EEE798DE-1E51-4AA4-BF3D-8A38ABBEFAFB}.Release|x86.Build.0 = Release|Win32
		{525B264C-9B50-40AB-8517-E8BCB46775DA}.Debug|x64.ActiveCfg = Debug|x64
		{525B264C-9B50-40AB-8517-E8BCB46775DA}.Debug|x64.Build.0 = Debug|x64
		{525B264C-9B50-40AB-8517-E8BCB46775DA}.Debug|x86.ActiveCfg = Debug|Win32
		{525B264C-9B50-40AB-8517-E8BCB46775DA}.Debug|x86.Build.0 = Debug|Win32
		{525B264C-9B50-40AB-8517-E8BCB46775DA}.Release|x64.ActiveCfg = Release|x64
		{525B264C-9B50-40AB-8517-E8BCB46775DA}.Release|x64.Build.0 = Release|x64
		{525B264C-9B50-40AB-8517-E8BCB46775DA}.Release|x86.ActiveCfg = Release|Win32
		{525B264C-9B50-40AB-8517-E8BCB46775DA}.Release|x86.Build.0 = Release|Win32
		{6CDBF837-78D1-470D-943D-7788CD8D37F9}.Debug|x64.ActiveCfg = Debug|x64
		{6CDBF837-78D1-470D-943D-7788CD8D37F9}.Debug|x64.Build.0 = Debug|x64
		{6CDBF837-78D1-470D-943D-7788CD8D37F9}.Debug|x86.ActiveCfg = Debug|Win32
		{6CDBF837-78D1-470D-943D-7788CD8D37F9}.Debug|x86.Build.0 = Debug|Win32
		{6CDBF837-78D1-470D-943D-7788CD8D37F9}.Release|x64.ActiveCfg = Release|x64
		{6CDBF837-78D1-470D-943D-7788CD8D37F9}.Release|x64.Build.0 = Release|x64
		{6CDBF837-78D1-470D-943D-7788CD8D37F9}.Release|x86.ActiveCfg = Release|Win32
		{6CDBF837-78D1-470D-943D-7788CD8D37F9}.Release|x86.Build.0 = Release|Win32
		{46927D9B-E47E-4FD6-930B-48B39762E7A5}.Debug|x64.ActiveCfg = Debug|x64
		{46927D9B-E47E-4FD6-930B-48B39762E7A5}.Debug|x64.Build.0 = Debug|x64
		{46927D9B-E47E-4FD6-930B-48B39762E7A5}.Debug|x86.ActiveCfg = Debug|Win32
		{46927D9B-E47E-4FD6-930B-48B39762E7A5}.Debug|x86.Build.0 = Debug|Win32
		{46927D9B-E47E-4FD6-930B-48B39762E7A5}.Release|x64.ActiveCfg = Release|x64
		{46927D9B-E47E-4FD6-930B-48B39762E7A5}.Release|x64.Build.0 = Release|x64
		{46927D9B-E47E-4FD6-930B-48B39762E7A5}.Release|x86.ActiveCfg = Release|Win32
		{46927D9B-E47E-4FD6-930B-48B39762E7A5}.Release|x86.Build.0 = Release|Win32
		{07505535-930A-469E-95B7-F2D9A8A25EF6}.Debug|x64.ActiveCfg = Debug|x64
		{07505535-930A-469E-95B7-F2D9A8A25EF6}.Debug|x64.Build.0 = Debug|x64
		{07505535-930A-469E-95B7-F2D9A8A25EF6}.Debug|x86.ActiveCfg = Debug|Win32
		{07505535-930A-469E-95B7-F2D9A8A25EF6}.Debug|x86.Build.0 = Debug|Win32
		{07505535-930A-469E-95B7-F2D9A8A25EF6}.Release|x64.ActiveCfg = Release|x64
		{07505535-930A-469E-95B7-F2D9A8A25EF6}.Release|x64.Build.0 = Release|x64
		{07505535-930A-469E-95B7-F2D9A8A25EF6}.Release|x86.ActiveCfg = Release|Win32
		{07505535-930A-469E-95B7-F2D9A8A25EF6}.Release|x86.Build.0 = Release|Win32
		{2E724F61-68B9-42C1-BA68-286E188F3542}.Debug|x64.ActiveCfg = Debug|x64
		{2E724F61-68B9-42C1-BA68-286E188F3542}.Debug|x64.Build.0 = Debug|x64
		{2E724F61-68B9-42C1-BA68-286E188F3542}.Debug|x86.ActiveCfg = Debug|Win32
		{2E724F61-68B9-42C1-BA68-286E188F3542}.Debug|x86.Build.0 = Debug|Win32
		{2E724F61-68B9-42C1-BA68-286E188F3542}.Release|x64.ActiveCfg = Release|x64
		{2E724F61-68B9-42C1-BA68-286E188F3542}.Release|x64.Build.0 = Release|x64
		{2E724F61-68B9-42C1-BA68-286E188F3542}.Release|x86.ActiveCfg = Release|Win32
		{2E724F61-68B9-42C1-BA68-286E188F3542}.Release|x86.Build.0 = Release|Win32
		{9619CA1A-9A53-4EA6-B4E6-0BDD91A6BAC5}.Debug|x64.ActiveCfg = Debug|x64
		{9619CA1A-9A53-4EA6-B4E6-0BDD91A6BAC5}.Debug|x64.Build.0 = Debug|x64
		{9619CA1A-9A53-4EA6-B4E6-0BDD91A6BAC5}.Debug|x86.ActiveCfg = Debug|Win32
		{9619CA1A-9A53-4EA6-B4E6-0BDD91A6BAC5}.Debug|x86.Build.0 = Debug|Win32
		{9619CA1A-9A53-4EA6-B4E6-0BDD91A6BAC5}.Release|x64.ActiveCfg = Release|x64
		{9619CA1A-9A53-4EA6-B4E6-0BDD91A6BAC5}.Release|x64.Build.0 = Release|x64
		{9619CA1A-9A53-4EA6-B4E6-0BDD91A6BAC5}.Release|x86.ActiveCfg = Release|Win32
		{9619CA1A-9A53-4EA6-B4E6-0BDD91A6BAC5}.Release|x86.Build.0 = Release|Win32
		{6E6C936D-683E-45CB-8102-597107C2469C}.Debug|x64.ActiveCfg = Debug|x64
		{6E6C936D-683E-45CB-8102-597107C2469C}.Debug|x64.Build.0 = Debug|x64
		{6E6C936D-683E-45CB-8102-597107C2469C}.Debug|x86.ActiveCfg = Debug|Win32
		{6E6C936D-683E-45CB-8102-597107C2469C}.Debug|x86.Build.0 = Debug|Win32
		{6E6C936D-683E-45CB-8102-597107C2469C}.Release|x64.ActiveCfg = Release|x64
		{6E6C936D-683E-45CB-8102-597107C2469C}.Release|x64.Build.0 = Release|x64
		{6E6C936D-683E-45CB-8102-597107C2469C}.Release|x86.ActiveCfg = Release|Win32
		{6E6C936D-683E-45CB-8102-597107C2469C}.Release|x86.Build.0 = Release|Win32
		{29080721-77FC-4618-9112-CF6683A7998F}.Debug|x64.ActiveCfg = Debug|x64
		{29080721-77FC-4618-9112-CF6683A7998F}.Debug|x64.Build.0 = Debug|x64
		{29080721-77FC-4618-9112-CF6683A7998F}.Debug|x86.ActiveCfg = Debug|Win32
		{29080721-77FC-4618-9112-CF6683A7998F}.Debug|x86.Build.0 = Debug|Win32
		{29080721-77FC-4618-9112-CF6683A7998F}.Release|x64.ActiveCfg = Release|x64
		{29080721-77FC-4618-9112-CF6683A7998F}.Release|x64.Build.0 = Release|x64
		{29080721-77FC-4618-9112-CF6683A7998F}.Release|x86.ActiveCfg = Release|Win32
		{29080721-77FC-4618-9112-CF6683A7998F}.Release|x86.Build.0 = Release|Win32
		{1B8278D9-2D8E-47D5-A4D1-23B9CBC341EB}.Debug|x64.ActiveCfg = Debug|x64
		{1B8278D9-2D8E-47D5-A4D1-23B9CBC341EB}.Debug|x64.Build.0 = Debug|x64
		{1B8278D9-2D8E-47D5-A4D1-23B9CBC341EB}.Debug|x86.ActiveCfg = Debug|Win32
		{1B8278D9-2D8E-47D5-A4D1-23B9CBC341EB}.Debug|x86.Build.0 = Debug|Win32
		{1B8278D9-2D8E-47D5-A4D1-23B9CBC341EB}.Release|x64.ActiveCfg = Release|x64
		{1B8278D9-2D8E-47D5-A4D1-23B9CBC341EB}.Release|x64.Build.0 = Release|x64
		{1B8278D9-2D8E-47D5-A4D1-23B9CBC341EB}.Release|x86.ActiveCfg = Release|Win32
		{1B8278D9-2D8E-47D5-A4D1-23B9CBC341EB}.Release|x86.Build.0 = Release|Win32
		{B1663694-5700-492D-9A02-08D3AD7B94A2}.Debug|x64.ActiveCfg = Debug|x64
		{B1663694-5700-492D-9A02-08D3AD7B94A2}.Debug|x64.Build.0 = Debug|x64
		{B1663694-5700-492D-9A02-08D3AD7B94A2}.Debug|x86.ActiveCfg = Debug|Win32
		{B1663694-5700-492D-9A02-08D3AD7B94A2}.Debug|x86.Build.0 = Debug|Win32
		{B1663694-5700-492D-9A02-08D3AD7B94A2}.Release|x64.ActiveCfg = Release|x64
		{B1663694-5700-492D-9A02-08D3AD7B94A2}.Release|x64.Build.0 = Release|x64
		{B1663694-5700-492D-9A02-08D3AD7B94A2}.Release|x86.ActiveCfg = Release|Win32
		{B1663694-5700-492D-9A02-08D3AD7B94A2}.Release|x86.Build.0 = Release|Win32
		{4F750A7E-8840-4C9A-80FF-8B9572AFAD88}.Debug|x64.ActiveCfg = Debug|x64
		{4F750A7E-8840-4C9A-80FF-8B9572AFAD88}.Debug|x64.Build.0 = Debug|x64
		{4F750A7E-8840-4C9A-80FF-8B9572AFAD88}.Debug|x86.ActiveCfg = Debug|Win32
		{4F750A7E-8840-4C9A-80FF-8B9572AFAD88}.Debug|x86.Build.0 = Debug|Win32
		{4F750A7E-8840-4C9A-80FF-8B9572AFAD88}.Release|x64.ActiveCfg = Release|x64
		{4F750A7E-8840-4C9A-80FF-8B9572AFAD88}.Release|x64.Build.0 = Release|x64
		{4F750A7E-8840-4C9A-80FF-8B9572AFAD88}.Release|x86.ActiveCfg = Release|Win32
		{4F750A7E-8840-4C9A-80FF-8B9572AFAD88}.Release|x86.Build.0 = Release|Win32
		{2A713CD2-9392-4C69-B930-1FFEB1AB97BD}.Debug|x64.ActiveCfg = Debug|x64
		{2A713CD2-9392-4C69-B930-1FFEB1AB97BD}.Debug|x64.Build.0 = Debug|x64
		{2A713CD2-9392-4C69-B930-1FFEB1AB97BD}.Debug|x86.ActiveCfg = Debug|Win32
		{2A713CD2-9392-4C69-B930-1FFEB1AB97BD}.Debug|x86.Build.0 = Debug|Win32
		{2A713CD2-9392-4C69-B930-1FFEB1AB97BD}.Release|x64.ActiveCfg = Release|x64
		{2A713CD2-9392-4C69-B930-1FFEB1AB97BD}.Release|x64.Build.0 = Release|x64
		{2A713CD2-9392-4C69-B930-1FFEB1AB97BD}.Release|x86.ActiveCfg = Release|Win32
		{2A713CD2-9392-4C69-B930-1FFEB1AB97BD}.Release|x86.Build.0 = Release|Win32
		{7B43A03A-960E-492B-9765-FE663DD5AA25}.Debug|x64.ActiveCfg = Debug|x64
		{7B43A03A-960E-492B-9765-FE663DD5AA25}.Debug|x64.Build.0 = Debug|x64
		{7B43A03A-960E-492B-9765-FE663DD5AA25}.Debug|x86.ActiveCfg = Debug|Win32
		{7B43A03A-960E-492B-9765-FE663DD5AA25}.Debug|x86.Build.0 = Debug|Win32
		{7B43A03A-960E-492B-9765-FE663DD5AA25}.Release|x64.ActiveCfg = Release|x64
		{7B43A03A-960E-492B-9765-FE663DD5AA25}.Release|x64.Build.0 = Release|x64
		{7B43A03A-960E-492B-9765-FE663DD5AA25}.Release|x86.ActiveCfg = Release|Win32
		{7B43A03A-960E-492B-9765-FE663DD5AA25}.Release|x86.Build.0 = Release|Win32
		{6A37FAAA-7874-423C-9094-962BD50EA4FD}.Debug|x64.ActiveCfg = Debug|x64
		{6A37FAAA-7874-423C-9094-962BD50EA4FD}.Debug|x64.Build.0 = Debug|x64
		{6A37FAAA-7874-423C-9094-962BD50EA4FD}.Debug|x86.ActiveCfg = Debug|Win32
		{6A37FAAA-7874-423C-9094-962BD50EA4FD}.Debug|x86.Build.0 = Debug|Win32
		{6A37FAAA-7874-423C-9094-962BD50EA4FD}.Release|x64.ActiveCfg = Release|x64
		{6A37FAAA-7874-423C-9094-962BD50EA4FD}.Release|x64.Build.0 = Release|x64
		{6A37FAAA-7874-423C-9094-962BD50EA4FD}.Release|x86.ActiveCfg = Release|Win32
		{6A37FAAA-7874-423C-9094-962BD50EA4FD}.Release|x86.Build.0 = Release|Win32
		{FD1265F9-ADE9-4D81-A981-0AF490F9F2B9}.Debug|x64.ActiveCfg = Debug|x64
		{FD1265F9-ADE9-4D81-A981-0AF490F9F2B9}.Debug|x64.Build.0 = Debug|x64
		{FD1265F9-ADE9-4D81-A981-0AF490F9F2B9}.Debug|x86.ActiveCfg = Debug|Win32
		{FD1265F9-ADE9-4D81-A981-0AF490F9F2B9}.Debug|x86.Build.0 = Debug|Win32
		{FD1265F9-ADE9-4D81-A981-0AF490F9F2B9}.Release|x64.ActiveCfg = Release|x64
		{FD1265F9-ADE9-4D81-A981-0AF490F9F2B9}.Release|x64.Build.0 = Release|x64
		{FD1265F9-ADE9-4D81-A981-0AF490F9F2B9}.Release|x86.ActiveCfg = Release|Win32
		{FD1265F9-ADE9-4D81-A981-0AF490F9F2B9}.Release|x86.Build.0 = Release|Win32
	EndGlobalSection
	GlobalSection(SolutionProperties) = preSolution
		HideSolutionNode = FALSE
	EndGlobalSection
	GlobalSection(ExtensibilityGlobals) = postSolution
		SolutionGuid = {ADCD5385-3504-4F2A-93A1-C89F6AC2CD60}
	EndGlobalSection
EndGlobal
